
Microsoft Visual Studio Solution File, Format Version 12.00
# Visual Studio Version 17
VisualStudioVersion = 17.2.32616.157
MinimumVisualStudioVersion = 10.0.40219.1
Project("{FAE04EC0-301F-11D3-BF4B-00C04F79EFBC}") = "JeremyAnsel.LibNoiseShaderSamples", "JeremyAnsel.LibNoiseShaderSamples\JeremyAnsel.LibNoiseShaderSamples.csproj", "{24AF5E11-740D-40AF-8F6B-07103649D83A}"
EndProject
Global
	GlobalSection(SolutionConfigurationPlatforms) = preSolution
		Debug|Any CPU = Debug|Any CPU
		Release|Any CPU = Release|Any CPU
	EndGlobalSection
	GlobalSection(ProjectConfigurationPlatforms) = postSolution
		{24AF5E11-740D-40AF-8F6B-07103649D83A}.Debug|Any CPU.ActiveCfg = Debug|Any CPU
		{24AF5E11-740D-40AF-8F6B-07103649D83A}.Debug|Any CPU.Build.0 = Debug|Any CPU
		{24AF5E11-740D-40AF-8F6B-07103649D83A}.Release|Any CPU.ActiveCfg = Release|Any CPU
		{24AF5E11-740D-40AF-8F6B-07103649D83A}.Release|Any CPU.Build.0 = Release|Any CPU
	EndGlobalSection
	GlobalSection(SolutionProperties) = preSolution
		HideSolutionNode = FALSE
	EndGlobalSection
	GlobalSection(ExtensibilityGlobals) = postSolution
		SolutionGuid = {B1E9226D-77AF-4063-807F-D30F6BF93DA2}
	EndGlobalSection
EndGlobal
